
Microsoft Visual Studio Solution File, Format Version 12.00
# Visual Studio Express 14 for Web
VisualStudioVersion = 14.0.25420.1
MinimumVisualStudioVersion = 10.0.40219.1
Project("{FAE04EC0-301F-11D3-BF4B-00C04F79EFBC}") = "openCV_Sample", "openCV_Sample\openCV_Sample.csproj", "{1524E61C-0B00-43DC-AF7B-8B2F1203B7CE}"
EndProject
Global
	GlobalSection(SolutionConfigurationPlatforms) = preSolution
		Debug|Any CPU = Debug|Any CPU
		Debug|x64 = Debug|x64
		Release|Any CPU = Release|Any CPU
		Release|x64 = Release|x64
	EndGlobalSection
	GlobalSection(ProjectConfigurationPlatforms) = postSolution
		{1524E61C-0B00-43DC-AF7B-8B2F1203B7CE}.Debug|Any CPU.ActiveCfg = Debug|Any CPU
		{1524E61C-0B00-43DC-AF7B-8B2F1203B7CE}.Debug|Any CPU.Build.0 = Debug|Any CPU
		{1524E61C-0B00-43DC-AF7B-8B2F1203B7CE}.Debug|x64.ActiveCfg = Debug|x64
		{1524E61C-0B00-43DC-AF7B-8B2F1203B7CE}.Debug|x64.Build.0 = Debug|x64
		{1524E61C-0B00-43DC-AF7B-8B2F1203B7CE}.Release|Any CPU.ActiveCfg = Release|Any CPU
		{1524E61C-0B00-43DC-AF7B-8B2F1203B7CE}.Release|Any CPU.Build.0 = Release|Any CPU
		{1524E61C-0B00-43DC-AF7B-8B2F1203B7CE}.Release|x64.ActiveCfg = Release|x64
		{1524E61C-0B00-43DC-AF7B-8B2F1203B7CE}.Release|x64.Build.0 = Release|x64
	EndGlobalSection
	GlobalSection(SolutionProperties) = preSolution
		HideSolutionNode = FALSE
	EndGlobalSection
EndGlobal
